# This file is automatically @generated by Cargo.
# It is not intended for manual editing.
version = 4

[[package]]
name = "p9_app"
version = "0.1.0"
dependencies = [
 "p9_core",
 "p9_rt",
 "p9_storage",
]

[[package]]
name = "p9_core"
version = "0.1.0"

[[package]]
name = "p9_rt"
version = "0.1.0"
dependencies = [
 "p9_core",
]

[[package]]
name = "p9_storage"
version = "0.1.0"
dependencies = [
 "p9_core",
]
